
Microsoft Visual Studio Solution File, Format Version 12.00
# Visual Studio 15
VisualStudioVersion = 15.0.28307.329
MinimumVisualStudioVersion = 10.0.40219.1
Project("{FAE04EC0-301F-11D3-BF4B-00C04F79EFBC}") = "ServerManager", "ServerManager\ServerManager.csproj", "{9C78D142-BC3C-43D9-AEC7-F8648E08B4D2}"
EndProject
Project("{E53339B2-1760-4266-BCC7-CA923CBCF16C}") = "docker-compose", "docker-compose.dcproj", "{89FEEF02-E167-4BCF-84DF-03832B2C4B81}"
EndProject
Global
	GlobalSection(SolutionConfigurationPlatforms) = preSolution
		Debug|Any CPU = Debug|Any CPU
		Release|Any CPU = Release|Any CPU
	EndGlobalSection
	GlobalSection(ProjectConfigurationPlatforms) = postSolution
		{9C78D142-BC3C-43D9-AEC7-F8648E08B4D2}.Debug|Any CPU.ActiveCfg = Debug|Any CPU
		{9C78D142-BC3C-43D9-AEC7-F8648E08B4D2}.Debug|Any CPU.Build.0 = Debug|Any CPU
		{9C78D142-BC3C-43D9-AEC7-F8648E08B4D2}.Release|Any CPU.ActiveCfg = Release|Any CPU
		{9C78D142-BC3C-43D9-AEC7-F8648E08B4D2}.Release|Any CPU.Build.0 = Release|Any CPU
		{89FEEF02-E167-4BCF-84DF-03832B2C4B81}.Debug|Any CPU.ActiveCfg = Debug|Any CPU
		{89FEEF02-E167-4BCF-84DF-03832B2C4B81}.Debug|Any CPU.Build.0 = Debug|Any CPU
		{89FEEF02-E167-4BCF-84DF-03832B2C4B81}.Release|Any CPU.ActiveCfg = Release|Any CPU
		{89FEEF02-E167-4BCF-84DF-03832B2C4B81}.Release|Any CPU.Build.0 = Release|Any CPU
	EndGlobalSection
	GlobalSection(SolutionProperties) = preSolution
		HideSolutionNode = FALSE
	EndGlobalSection
	GlobalSection(ExtensibilityGlobals) = postSolution
		SolutionGuid = {BBBD6BB2-4F48-4B2B-9B6C-BDA4F05146EE}
	EndGlobalSection
EndGlobal
